// !$*UTF8*$!
{
	archiveVersion = 1;
	classes = {
	};
	objectVersion = 56;
	objects = {

/* Begin PBXBuildFile section */
		A15078B12ABEF37E00ACACD2 /* ExpenseApp.swift in Sources */ = {isa = PBXBuildFile; fileRef = A15078B02ABEF37E00ACACD2 /* ExpenseApp.swift */; };
		A15078B32ABEF37E00ACACD2 /* ContentView.swift in Sources */ = {isa = PBXBuildFile; fileRef = A15078B22ABEF37E00ACACD2 /* ContentView.swift */; };
		A15078B52ABEF37F00ACACD2 /* Assets.xcassets in Resources */ = {isa = PBXBuildFile; fileRef = A15078B42ABEF37F00ACACD2 /* Assets.xcassets */; };
		A15078B82ABEF37F00ACACD2 /* Preview Assets.xcassets in Resources */ = {isa = PBXBuildFile; fileRef = A15078B72ABEF37F00ACACD2 /* Preview Assets.xcassets */; };
		A15078C22ABEF37F00ACACD2 /* ExpenseTests.swift in Sources */ = {isa = PBXBuildFile; fileRef = A15078C12ABEF37F00ACACD2 /* ExpenseTests.swift */; };
		A15078CC2ABEF37F00ACACD2 /* ExpenseUITests.swift in Sources */ = {isa = PBXBuildFile; fileRef = A15078CB2ABEF37F00ACACD2 /* ExpenseUITests.swift */; };
		A15078CE2ABEF37F00ACACD2 /* ExpenseUITestsLaunchTests.swift in Sources */ = {isa = PBXBuildFile; fileRef = A15078CD2ABEF37F00ACACD2 /* ExpenseUITestsLaunchTests.swift */; };
		A15078E02ABEF83F00ACACD2 /* LoginView.swift in Sources */ = {isa = PBXBuildFile; fileRef = A15078DF2ABEF83F00ACACD2 /* LoginView.swift */; };
		A15078E22ABEF92C00ACACD2 /* UIExtention.swift in Sources */ = {isa = PBXBuildFile; fileRef = A15078E12ABEF92C00ACACD2 /* UIExtention.swift */; };
		A15078E42ABEFC8B00ACACD2 /* LoginViewModel.swift in Sources */ = {isa = PBXBuildFile; fileRef = A15078E32ABEFC8B00ACACD2 /* LoginViewModel.swift */; };
		A15078E62ABF03BD00ACACD2 /* SignUpView.swift in Sources */ = {isa = PBXBuildFile; fileRef = A15078E52ABF03BD00ACACD2 /* SignUpView.swift */; };
		A15078EA2ABF10C600ACACD2 /* GetStartedView.swift in Sources */ = {isa = PBXBuildFile; fileRef = A15078E92ABF10C600ACACD2 /* GetStartedView.swift */; };
		A15078EF2ABF1FEC00ACACD2 /* Expense.swift in Sources */ = {isa = PBXBuildFile; fileRef = A15078EE2ABF1FEC00ACACD2 /* Expense.swift */; };
		A15078F12ABF21D300ACACD2 /* ExpenseViewModel.swift in Sources */ = {isa = PBXBuildFile; fileRef = A15078F02ABF21D300ACACD2 /* ExpenseViewModel.swift */; };
		A15078F32ABF225400ACACD2 /* Home.swift in Sources */ = {isa = PBXBuildFile; fileRef = A15078F22ABF225400ACACD2 /* Home.swift */; };
/* End PBXBuildFile section */

/* Begin PBXContainerItemProxy section */
		A15078BE2ABEF37F00ACACD2 /* PBXContainerItemProxy */ = {
			isa = PBXContainerItemProxy;
			containerPortal = A15078A52ABEF37D00ACACD2 /* Project object */;
			proxyType = 1;
			remoteGlobalIDString = A15078AC2ABEF37E00ACACD2;
			remoteInfo = Expense;
		};
		A15078C82ABEF37F00ACACD2 /* PBXContainerItemProxy */ = {
			isa = PBXContainerItemProxy;
			containerPortal = A15078A52ABEF37D00ACACD2 /* Project object */;
			proxyType = 1;
			remoteGlobalIDString = A15078AC2ABEF37E00ACACD2;
			remoteInfo = Expense;
		};
/* End PBXContainerItemProxy section */

/* Begin PBXFileReference section */
		A15078AD2ABEF37E00ACACD2 /* Expense.app */ = {isa = PBXFileReference; explicitFileType = wrapper.application; includeInIndex = 0; path = Expense.app; sourceTree = BUILT_PRODUCTS_DIR; };
		A15078B02ABEF37E00ACACD2 /* ExpenseApp.swift */ = {isa = PBXFileReference; lastKnownFileType = sourcecode.swift; path = ExpenseApp.swift; sourceTree = "<group>"; };
		A15078B22ABEF37E00ACACD2 /* ContentView.swift */ = {isa = PBXFileReference; lastKnownFileType = sourcecode.swift; path = ContentView.swift; sourceTree = "<group>"; };
		A15078B42ABEF37F00ACACD2 /* Assets.xcassets */ = {isa = PBXFileReference; lastKnownFileType = folder.assetcatalog; path = Assets.xcassets; sourceTree = "<group>"; };
		A15078B72ABEF37F00ACACD2 /* Preview Assets.xcassets */ = {isa = PBXFileReference; lastKnownFileType = folder.assetcatalog; path = "Preview Assets.xcassets"; sourceTree = "<group>"; };
		A15078BD2ABEF37F00ACACD2 /* ExpenseTests.xctest */ = {isa = PBXFileReference; explicitFileType = wrapper.cfbundle; includeInIndex = 0; path = ExpenseTests.xctest; sourceTree = BUILT_PRODUCTS_DIR; };
		A15078C12ABEF37F00ACACD2 /* ExpenseTests.swift */ = {isa = PBXFileReference; lastKnownFileType = sourcecode.swift; path = ExpenseTests.swift; sourceTree = "<group>"; };
		A15078C72ABEF37F00ACACD2 /* ExpenseUITests.xctest */ = {isa = PBXFileReference; explicitFileType = wrapper.cfbundle; includeInIndex = 0; path = ExpenseUITests.xctest; sourceTree = BUILT_PRODUCTS_DIR; };
		A15078CB2ABEF37F00ACACD2 /* ExpenseUITests.swift */ = {isa = PBXFileReference; lastKnownFileType = sourcecode.swift; path = ExpenseUITests.swift; sourceTree = "<group>"; };
		A15078CD2ABEF37F00ACACD2 /* ExpenseUITestsLaunchTests.swift */ = {isa = PBXFileReference; lastKnownFileType = sourcecode.swift; path = ExpenseUITestsLaunchTests.swift; sourceTree = "<group>"; };
		A15078DF2ABEF83F00ACACD2 /* LoginView.swift */ = {isa = PBXFileReference; lastKnownFileType = sourcecode.swift; path = LoginView.swift; sourceTree = "<group>"; };
		A15078E12ABEF92C00ACACD2 /* UIExtention.swift */ = {isa = PBXFileReference; lastKnownFileType = sourcecode.swift; path = UIExtention.swift; sourceTree = "<group>"; };
		A15078E32ABEFC8B00ACACD2 /* LoginViewModel.swift */ = {isa = PBXFileReference; lastKnownFileType = sourcecode.swift; path = LoginViewModel.swift; sourceTree = "<group>"; };
		A15078E52ABF03BD00ACACD2 /* SignUpView.swift */ = {isa = PBXFileReference; lastKnownFileType = sourcecode.swift; path = SignUpView.swift; sourceTree = "<group>"; };
		A15078E92ABF10C600ACACD2 /* GetStartedView.swift */ = {isa = PBXFileReference; lastKnownFileType = sourcecode.swift; path = GetStartedView.swift; sourceTree = "<group>"; };
		A15078EE2ABF1FEC00ACACD2 /* Expense.swift */ = {isa = PBXFileReference; lastKnownFileType = sourcecode.swift; path = Expense.swift; sourceTree = "<group>"; };
		A15078F02ABF21D300ACACD2 /* ExpenseViewModel.swift */ = {isa = PBXFileReference; lastKnownFileType = sourcecode.swift; path = ExpenseViewModel.swift; sourceTree = "<group>"; };
		A15078F22ABF225400ACACD2 /* Home.swift */ = {isa = PBXFileReference; lastKnownFileType = sourcecode.swift; path = Home.swift; sourceTree = "<group>"; };
/* End PBXFileReference section */

/* Begin PBXFrameworksBuildPhase section */
		A15078AA2ABEF37E00ACACD2 /* Frameworks */ = {
			isa = PBXFrameworksBuildPhase;
			buildActionMask = 2147483647;
			files = (
			);
			runOnlyForDeploymentPostprocessing = 0;
		};
		A15078BA2ABEF37F00ACACD2 /* Frameworks */ = {
			isa = PBXFrameworksBuildPhase;
			buildActionMask = 2147483647;
			files = (
			);
			runOnlyForDeploymentPostprocessing = 0;
		};
		A15078C42ABEF37F00ACACD2 /* Frameworks */ = {
			isa = PBXFrameworksBuildPhase;
			buildActionMask = 2147483647;
			files = (
			);
			runOnlyForDeploymentPostprocessing = 0;
		};
/* End PBXFrameworksBuildPhase section */

/* Begin PBXGroup section */
		A15078A42ABEF37D00ACACD2 = {
			isa = PBXGroup;
			children = (
				A15078AF2ABEF37E00ACACD2 /* Expense */,
				A15078C02ABEF37F00ACACD2 /* ExpenseTests */,
				A15078CA2ABEF37F00ACACD2 /* ExpenseUITests */,
				A15078AE2ABEF37E00ACACD2 /* Products */,
			);
			sourceTree = "<group>";
		};
		A15078AE2ABEF37E00ACACD2 /* Products */ = {
			isa = PBXGroup;
			children = (
				A15078AD2ABEF37E00ACACD2 /* Expense.app */,
				A15078BD2ABEF37F00ACACD2 /* ExpenseTests.xctest */,
				A15078C72ABEF37F00ACACD2 /* ExpenseUITests.xctest */,
			);
			name = Products;
			sourceTree = "<group>";
		};
		A15078AF2ABEF37E00ACACD2 /* Expense */ = {
			isa = PBXGroup;
			children = (
				A15078DE2ABEF7FA00ACACD2 /* UIKit */,
				A15078DC2ABEF74D00ACACD2 /* ViewModel */,
				A15078DB2ABEF74300ACACD2 /* Model */,
				A15078DA2ABEF73000ACACD2 /* View */,
				A15078B02ABEF37E00ACACD2 /* ExpenseApp.swift */,
				A15078B22ABEF37E00ACACD2 /* ContentView.swift */,
				A15078B42ABEF37F00ACACD2 /* Assets.xcassets */,
				A15078B62ABEF37F00ACACD2 /* Preview Content */,
			);
			path = Expense;
			sourceTree = "<group>";
		};
		A15078B62ABEF37F00ACACD2 /* Preview Content */ = {
			isa = PBXGroup;
			children = (
				A15078B72ABEF37F00ACACD2 /* Preview Assets.xcassets */,
			);
			path = "Preview Content";
			sourceTree = "<group>";
		};
		A15078C02ABEF37F00ACACD2 /* ExpenseTests */ = {
			isa = PBXGroup;
			children = (
				A15078C12ABEF37F00ACACD2 /* ExpenseTests.swift */,
			);
			path = ExpenseTests;
			sourceTree = "<group>";
		};
		A15078CA2ABEF37F00ACACD2 /* ExpenseUITests */ = {
			isa = PBXGroup;
			children = (
				A15078CB2ABEF37F00ACACD2 /* ExpenseUITests.swift */,
				A15078CD2ABEF37F00ACACD2 /* ExpenseUITestsLaunchTests.swift */,
			);
			path = ExpenseUITests;
			sourceTree = "<group>";
		};
		A15078DA2ABEF73000ACACD2 /* View */ = {
			isa = PBXGroup;
			children = (
				A15078DF2ABEF83F00ACACD2 /* LoginView.swift */,
				A15078E52ABF03BD00ACACD2 /* SignUpView.swift */,
				A15078E92ABF10C600ACACD2 /* GetStartedView.swift */,
				A15078F22ABF225400ACACD2 /* Home.swift */,
			);
			path = View;
			sourceTree = "<group>";
		};
		A15078DB2ABEF74300ACACD2 /* Model */ = {
			isa = PBXGroup;
			children = (
				A15078EE2ABF1FEC00ACACD2 /* Expense.swift */,
			);
			path = Model;
			sourceTree = "<group>";
		};
		A15078DC2ABEF74D00ACACD2 /* ViewModel */ = {
			isa = PBXGroup;
			children = (
				A15078E32ABEFC8B00ACACD2 /* LoginViewModel.swift */,
				A15078F02ABF21D300ACACD2 /* ExpenseViewModel.swift */,
			);
			path = ViewModel;
			sourceTree = "<group>";
		};
		A15078DE2ABEF7FA00ACACD2 /* UIKit */ = {
			isa = PBXGroup;
			children = (
				A15078E12ABEF92C00ACACD2 /* UIExtention.swift */,
			);
			path = UIKit;
			sourceTree = "<group>";
		};
/* End PBXGroup section */

/* Begin PBXNativeTarget section */
		A15078AC2ABEF37E00ACACD2 /* Expense */ = {
			isa = PBXNativeTarget;
			buildConfigurationList = A15078D12ABEF37F00ACACD2 /* Build configuration list for PBXNativeTarget "Expense" */;
			buildPhases = (
				A15078A92ABEF37E00ACACD2 /* Sources */,
				A15078AA2ABEF37E00ACACD2 /* Frameworks */,
				A15078AB2ABEF37E00ACACD2 /* Resources */,
			);
			buildRules = (
			);
			dependencies = (
			);
			name = Expense;
			productName = Expense;
			productReference = A15078AD2ABEF37E00ACACD2 /* Expense.app */;
			productType = "com.apple.product-type.application";
		};
		A15078BC2ABEF37F00ACACD2 /* ExpenseTests */ = {
			isa = PBXNativeTarget;
			buildConfigurationList = A15078D42ABEF37F00ACACD2 /* Build configuration list for PBXNativeTarget "ExpenseTests" */;
			buildPhases = (
				A15078B92ABEF37F00ACACD2 /* Sources */,
				A15078BA2ABEF37F00ACACD2 /* Frameworks */,
				A15078BB2ABEF37F00ACACD2 /* Resources */,
			);
			buildRules = (
			);
			dependencies = (
				A15078BF2ABEF37F00ACACD2 /* PBXTargetDependency */,
			);
			name = ExpenseTests;
			productName = ExpenseTests;
			productReference = A15078BD2ABEF37F00ACACD2 /* ExpenseTests.xctest */;
			productType = "com.apple.product-type.bundle.unit-test";
		};
		A15078C62ABEF37F00ACACD2 /* ExpenseUITests */ = {
			isa = PBXNativeTarget;
			buildConfigurationList = A15078D72ABEF37F00ACACD2 /* Build configuration list for PBXNativeTarget "ExpenseUITests" */;
			buildPhases = (
				A15078C32ABEF37F00ACACD2 /* Sources */,
				A15078C42ABEF37F00ACACD2 /* Frameworks */,
				A15078C52ABEF37F00ACACD2 /* Resources */,
			);
			buildRules = (
			);
			dependencies = (
				A15078C92ABEF37F00ACACD2 /* PBXTargetDependency */,
			);
			name = ExpenseUITests;
			productName = ExpenseUITests;
			productReference = A15078C72ABEF37F00ACACD2 /* ExpenseUITests.xctest */;
			productType = "com.apple.product-type.bundle.ui-testing";
		};
/* End PBXNativeTarget section */

/* Begin PBXProject section */
		A15078A52ABEF37D00ACACD2 /* Project object */ = {
			isa = PBXProject;
			attributes = {
				BuildIndependentTargetsInParallel = 1;
				LastSwiftUpdateCheck = 1430;
				LastUpgradeCheck = 1430;
				TargetAttributes = {
					A15078AC2ABEF37E00ACACD2 = {
						CreatedOnToolsVersion = 14.3.1;
					};
					A15078BC2ABEF37F00ACACD2 = {
						CreatedOnToolsVersion = 14.3.1;
						TestTargetID = A15078AC2ABEF37E00ACACD2;
					};
					A15078C62ABEF37F00ACACD2 = {
						CreatedOnToolsVersion = 14.3.1;
						TestTargetID = A15078AC2ABEF37E00ACACD2;
					};
				};
			};
			buildConfigurationList = A15078A82ABEF37D00ACACD2 /* Build configuration list for PBXProject "Expense" */;
			compatibilityVersion = "Xcode 14.0";
			developmentRegion = en;
			hasScannedForEncodings = 0;
			knownRegions = (
				en,
				Base,
			);
			mainGroup = A15078A42ABEF37D00ACACD2;
			productRefGroup = A15078AE2ABEF37E00ACACD2 /* Products */;
			projectDirPath = "";
			projectRoot = "";
			targets = (
				A15078AC2ABEF37E00ACACD2 /* Expense */,
				A15078BC2ABEF37F00ACACD2 /* ExpenseTests */,
				A15078C62ABEF37F00ACACD2 /* ExpenseUITests */,
			);
		};
/* End PBXProject section */

/* Begin PBXResourcesBuildPhase section */
		A15078AB2ABEF37E00ACACD2 /* Resources */ = {
			isa = PBXResourcesBuildPhase;
			buildActionMask = 2147483647;
			files = (
				A15078B82ABEF37F00ACACD2 /* Preview Assets.xcassets in Resources */,
				A15078B52ABEF37F00ACACD2 /* Assets.xcassets in Resources */,
			);
			runOnlyForDeploymentPostprocessing = 0;
		};
		A15078BB2ABEF37F00ACACD2 /* Resources */ = {
			isa = PBXResourcesBuildPhase;
			buildActionMask = 2147483647;
			files = (
			);
			runOnlyForDeploymentPostprocessing = 0;
		};
		A15078C52ABEF37F00ACACD2 /* Resources */ = {
			isa = PBXResourcesBuildPhase;
			buildActionMask = 2147483647;
			files = (
			);
			runOnlyForDeploymentPostprocessing = 0;
		};
/* End PBXResourcesBuildPhase section */

/* Begin PBXSourcesBuildPhase section */
		A15078A92ABEF37E00ACACD2 /* Sources */ = {
			isa = PBXSourcesBuildPhase;
			buildActionMask = 2147483647;
			files = (
				A15078E22ABEF92C00ACACD2 /* UIExtention.swift in Sources */,
				A15078EA2ABF10C600ACACD2 /* GetStartedView.swift in Sources */,
				A15078F32ABF225400ACACD2 /* Home.swift in Sources */,
				A15078E02ABEF83F00ACACD2 /* LoginView.swift in Sources */,
				A15078EF2ABF1FEC00ACACD2 /* Expense.swift in Sources */,
				A15078B32ABEF37E00ACACD2 /* ContentView.swift in Sources */,
				A15078F12ABF21D300ACACD2 /* ExpenseViewModel.swift in Sources */,
				A15078E42ABEFC8B00ACACD2 /* LoginViewModel.swift in Sources */,
				A15078E62ABF03BD00ACACD2 /* SignUpView.swift in Sources */,
				A15078B12ABEF37E00ACACD2 /* ExpenseApp.swift in Sources */,
			);
			runOnlyForDeploymentPostprocessing = 0;
		};
		A15078B92ABEF37F00ACACD2 /* Sources */ = {
			isa = PBXSourcesBuildPhase;
			buildActionMask = 2147483647;
			files = (
				A15078C22ABEF37F00ACACD2 /* ExpenseTests.swift in Sources */,
			);
			runOnlyForDeploymentPostprocessing = 0;
		};
		A15078C32ABEF37F00ACACD2 /* Sources */ = {
			isa = PBXSourcesBuildPhase;
			buildActionMask = 2147483647;
			files = (
				A15078CC2ABEF37F00ACACD2 /* ExpenseUITests.swift in Sources */,
				A15078CE2ABEF37F00ACACD2 /* ExpenseUITestsLaunchTests.swift in Sources */,
			);
			runOnlyForDeploymentPostprocessing = 0;
		};
/* End PBXSourcesBuildPhase section */

/* Begin PBXTargetDependency section */
		A15078BF2ABEF37F00ACACD2 /* PBXTargetDependency */ = {
			isa = PBXTargetDependency;
			target = A15078AC2ABEF37E00ACACD2 /* Expense */;
			targetProxy = A15078BE2ABEF37F00ACACD2 /* PBXContainerItemProxy */;
		};
		A15078C92ABEF37F00ACACD2 /* PBXTargetDependency */ = {
			isa = PBXTargetDependency;
			target = A15078AC2ABEF37E00ACACD2 /* Expense */;
			targetProxy = A15078C82ABEF37F00ACACD2 /* PBXContainerItemProxy */;
		};
/* End PBXTargetDependency section */

/* Begin XCBuildConfiguration section */
		A15078CF2ABEF37F00ACACD2 /* Debug */ = {
			isa = XCBuildConfiguration;
			buildSettings = {
				ALWAYS_SEARCH_USER_PATHS = NO;
				CLANG_ANALYZER_NONNULL = YES;
				CLANG_ANALYZER_NUMBER_OBJECT_CONVERSION = YES_AGGRESSIVE;
				CLANG_CXX_LANGUAGE_STANDARD = "gnu++20";
				CLANG_ENABLE_MODULES = YES;
				CLANG_ENABLE_OBJC_ARC = YES;
				CLANG_ENABLE_OBJC_WEAK = YES;
				CLANG_WARN_BLOCK_CAPTURE_AUTORELEASING = YES;
				CLANG_WARN_BOOL_CONVERSION = YES;
				CLANG_WARN_COMMA = YES;
				CLANG_WARN_CONSTANT_CONVERSION = YES;
				CLANG_WARN_DEPRECATED_OBJC_IMPLEMENTATIONS = YES;
				CLANG_WARN_DIRECT_OBJC_ISA_USAGE = YES_ERROR;
				CLANG_WARN_DOCUMENTATION_COMMENTS = YES;
				CLANG_WARN_EMPTY_BODY = YES;
				CLANG_WARN_ENUM_CONVERSION = YES;
				CLANG_WARN_INFINITE_RECURSION = YES;
				CLANG_WARN_INT_CONVERSION = YES;
				CLANG_WARN_NON_LITERAL_NULL_CONVERSION = YES;
				CLANG_WARN_OBJC_IMPLICIT_RETAIN_SELF = YES;
				CLANG_WARN_OBJC_LITERAL_CONVERSION = YES;
				CLANG_WARN_OBJC_ROOT_CLASS = YES_ERROR;
				CLANG_WARN_QUOTED_INCLUDE_IN_FRAMEWORK_HEADER = YES;
				CLANG_WARN_RANGE_LOOP_ANALYSIS = YES;
				CLANG_WARN_STRICT_PROTOTYPES = YES;
				CLANG_WARN_SUSPICIOUS_MOVE = YES;
				CLANG_WARN_UNGUARDED_AVAILABILITY = YES_AGGRESSIVE;
				CLANG_WARN_UNREACHABLE_CODE = YES;
				CLANG_WARN__DUPLICATE_METHOD_MATCH = YES;
				COPY_PHASE_STRIP = NO;
				DEBUG_INFORMATION_FORMAT = dwarf;
				ENABLE_STRICT_OBJC_MSGSEND = YES;
				ENABLE_TESTABILITY = YES;
				GCC_C_LANGUAGE_STANDARD = gnu11;
				GCC_DYNAMIC_NO_PIC = NO;
				GCC_NO_COMMON_BLOCKS = YES;
				GCC_OPTIMIZATION_LEVEL = 0;
				GCC_PREPROCESSOR_DEFINITIONS = (
					"DEBUG=1",
					"$(inherited)",
				);
				GCC_WARN_64_TO_32_BIT_CONVERSION = YES;
				GCC_WARN_ABOUT_RETURN_TYPE = YES_ERROR;
				GCC_WARN_UNDECLARED_SELECTOR = YES;
				GCC_WARN_UNINITIALIZED_AUTOS = YES_AGGRESSIVE;
				GCC_WARN_UNUSED_FUNCTION = YES;
				GCC_WARN_UNUSED_VARIABLE = YES;
				IPHONEOS_DEPLOYMENT_TARGET = 16.4;
				MTL_ENABLE_DEBUG_INFO = INCLUDE_SOURCE;
				MTL_FAST_MATH = YES;
				ONLY_ACTIVE_ARCH = YES;
				SDKROOT = iphoneos;
				SWIFT_ACTIVE_COMPILATION_CONDITIONS = DEBUG;
				SWIFT_OPTIMIZATION_LEVEL = "-Onone";
			};
			name = Debug;
		};
		A15078D02ABEF37F00ACACD2 /* Release */ = {
			isa = XCBuildConfiguration;
			buildSettings = {
				ALWAYS_SEARCH_USER_PATHS = NO;
				CLANG_ANALYZER_NONNULL = YES;
				CLANG_ANALYZER_NUMBER_OBJECT_CONVERSION = YES_AGGRESSIVE;
				CLANG_CXX_LANGUAGE_STANDARD = "gnu++20";
				CLANG_ENABLE_MODULES = YES;
				CLANG_ENABLE_OBJC_ARC = YES;
				CLANG_ENABLE_OBJC_WEAK = YES;
				CLANG_WARN_BLOCK_CAPTURE_AUTORELEASING = YES;
				CLANG_WARN_BOOL_CONVERSION = YES;
				CLANG_WARN_COMMA = YES;
				CLANG_WARN_CONSTANT_CONVERSION = YES;
				CLANG_WARN_DEPRECATED_OBJC_IMPLEMENTATIONS = YES;
				CLANG_WARN_DIRECT_OBJC_ISA_USAGE = YES_ERROR;
				CLANG_WARN_DOCUMENTATION_COMMENTS = YES;
				CLANG_WARN_EMPTY_BODY = YES;
				CLANG_WARN_ENUM_CONVERSION = YES;
				CLANG_WARN_INFINITE_RECURSION = YES;
				CLANG_WARN_INT_CONVERSION = YES;
				CLANG_WARN_NON_LITERAL_NULL_CONVERSION = YES;
				CLANG_WARN_OBJC_IMPLICIT_RETAIN_SELF = YES;
				CLANG_WARN_OBJC_LITERAL_CONVERSION = YES;
				CLANG_WARN_OBJC_ROOT_CLASS = YES_ERROR;
				CLANG_WARN_QUOTED_INCLUDE_IN_FRAMEWORK_HEADER = YES;
				CLANG_WARN_RANGE_LOOP_ANALYSIS = YES;
				CLANG_WARN_STRICT_PROTOTYPES = YES;
				CLANG_WARN_SUSPICIOUS_MOVE = YES;
				CLANG_WARN_UNGUARDED_AVAILABILITY = YES_AGGRESSIVE;
				CLANG_WARN_UNREACHABLE_CODE = YES;
				CLANG_WARN__DUPLICATE_METHOD_MATCH = YES;
				COPY_PHASE_STRIP = NO;
				DEBUG_INFORMATION_FORMAT = "dwarf-with-dsym";
				ENABLE_NS_ASSERTIONS = NO;
				ENABLE_STRICT_OBJC_MSGSEND = YES;
				GCC_C_LANGUAGE_STANDARD = gnu11;
				GCC_NO_COMMON_BLOCKS = YES;
				GCC_WARN_64_TO_32_BIT_CONVERSION = YES;
				GCC_WARN_ABOUT_RETURN_TYPE = YES_ERROR;
				GCC_WARN_UNDECLARED_SELECTOR = YES;
				GCC_WARN_UNINITIALIZED_AUTOS = YES_AGGRESSIVE;
				GCC_WARN_UNUSED_FUNCTION = YES;
				GCC_WARN_UNUSED_VARIABLE = YES;
				IPHONEOS_DEPLOYMENT_TARGET = 16.4;
				MTL_ENABLE_DEBUG_INFO = NO;
				MTL_FAST_MATH = YES;
				SDKROOT = iphoneos;
				SWIFT_COMPILATION_MODE = wholemodule;
				SWIFT_OPTIMIZATION_LEVEL = "-O";
				VALIDATE_PRODUCT = YES;
			};
			name = Release;
		};
		A15078D22ABEF37F00ACACD2 /* Debug */ = {
			isa = XCBuildConfiguration;
			buildSettings = {
				ASSETCATALOG_COMPILER_APPICON_NAME = AppIcon;
				ASSETCATALOG_COMPILER_GLOBAL_ACCENT_COLOR_NAME = AccentColor;
				CODE_SIGN_STYLE = Automatic;
				CURRENT_PROJECT_VERSION = 1;
				DEVELOPMENT_ASSET_PATHS = "\"Expense/Preview Content\"";
				DEVELOPMENT_TEAM = 33QBB4DCGG;
				ENABLE_PREVIEWS = YES;
				GENERATE_INFOPLIST_FILE = YES;
				INFOPLIST_KEY_UIApplicationSceneManifest_Generation = YES;
				INFOPLIST_KEY_UIApplicationSupportsIndirectInputEvents = YES;
				INFOPLIST_KEY_UILaunchScreen_Generation = YES;
				INFOPLIST_KEY_UISupportedInterfaceOrientations_iPad = "UIInterfaceOrientationPortrait UIInterfaceOrientationPortraitUpsideDown UIInterfaceOrientationLandscapeLeft UIInterfaceOrientationLandscapeRight";
				INFOPLIST_KEY_UISupportedInterfaceOrientations_iPhone = "UIInterfaceOrientationPortrait UIInterfaceOrientationLandscapeLeft UIInterfaceOrientationLandscapeRight";
				LD_RUNPATH_SEARCH_PATHS = (
					"$(inherited)",
					"@executable_path/Frameworks",
				);
				MARKETING_VERSION = 1.0;
				PRODUCT_BUNDLE_IDENTIFIER = isuru.Expense;
				PRODUCT_NAME = "$(TARGET_NAME)";
				SWIFT_EMIT_LOC_STRINGS = YES;
				SWIFT_VERSION = 5.0;
				TARGETED_DEVICE_FAMILY = "1,2";
			};
			name = Debug;
		};
		A15078D32ABEF37F00ACACD2 /* Release */ = {
			isa = XCBuildConfiguration;
			buildSettings = {
				ASSETCATALOG_COMPILER_APPICON_NAME = AppIcon;
				ASSETCATALOG_COMPILER_GLOBAL_ACCENT_COLOR_NAME = AccentColor;
				CODE_SIGN_STYLE = Automatic;
				CURRENT_PROJECT_VERSION = 1;
				DEVELOPMENT_ASSET_PATHS = "\"Expense/Preview Content\"";
				DEVELOPMENT_TEAM = 33QBB4DCGG;
				ENABLE_PREVIEWS = YES;
				GENERATE_INFOPLIST_FILE = YES;
				INFOPLIST_KEY_UIApplicationSceneManifest_Generation = YES;
				INFOPLIST_KEY_UIApplicationSupportsIndirectInputEvents = YES;
				INFOPLIST_KEY_UILaunchScreen_Generation = YES;
				INFOPLIST_KEY_UISupportedInterfaceOrientations_iPad = "UIInterfaceOrientationPortrait UIInterfaceOrientationPortraitUpsideDown UIInterfaceOrientationLandscapeLeft UIInterfaceOrientationLandscapeRight";
				INFOPLIST_KEY_UISupportedInterfaceOrientations_iPhone = "UIInterfaceOrientationPortrait UIInterfaceOrientationLandscapeLeft UIInterfaceOrientationLandscapeRight";
				LD_RUNPATH_SEARCH_PATHS = (
					"$(inherited)",
					"@executable_path/Frameworks",
				);
				MARKETING_VERSION = 1.0;
				PRODUCT_BUNDLE_IDENTIFIER = isuru.Expense;
				PRODUCT_NAME = "$(TARGET_NAME)";
				SWIFT_EMIT_LOC_STRINGS = YES;
				SWIFT_VERSION = 5.0;
				TARGETED_DEVICE_FAMILY = "1,2";
			};
			name = Release;
		};
		A15078D52ABEF37F00ACACD2 /* Debug */ = {
			isa = XCBuildConfiguration;
			buildSettings = {
				ALWAYS_EMBED_SWIFT_STANDARD_LIBRARIES = YES;
				BUNDLE_LOADER = "$(TEST_HOST)";
				CODE_SIGN_STYLE = Automatic;
				CURRENT_PROJECT_VERSION = 1;
				DEVELOPMENT_TEAM = 33QBB4DCGG;
				GENERATE_INFOPLIST_FILE = YES;
				IPHONEOS_DEPLOYMENT_TARGET = 16.4;
				MARKETING_VERSION = 1.0;
				PRODUCT_BUNDLE_IDENTIFIER = isuru.ExpenseTests;
				PRODUCT_NAME = "$(TARGET_NAME)";
				SWIFT_EMIT_LOC_STRINGS = NO;
				SWIFT_VERSION = 5.0;
				TARGETED_DEVICE_FAMILY = "1,2";
				TEST_HOST = "$(BUILT_PRODUCTS_DIR)/Expense.app/$(BUNDLE_EXECUTABLE_FOLDER_PATH)/Expense";
			};
			name = Debug;
		};
		A15078D62ABEF37F00ACACD2 /* Release */ = {
			isa = XCBuildConfiguration;
			buildSettings = {
				ALWAYS_EMBED_SWIFT_STANDARD_LIBRARIES = YES;
				BUNDLE_LOADER = "$(TEST_HOST)";
				CODE_SIGN_STYLE = Automatic;
				CURRENT_PROJECT_VERSION = 1;
				DEVELOPMENT_TEAM = 33QBB4DCGG;
				GENERATE_INFOPLIST_FILE = YES;
				IPHONEOS_DEPLOYMENT_TARGET = 16.4;
				MARKETING_VERSION = 1.0;
				PRODUCT_BUNDLE_IDENTIFIER = isuru.ExpenseTests;
				PRODUCT_NAME = "$(TARGET_NAME)";
				SWIFT_EMIT_LOC_STRINGS = NO;
				SWIFT_VERSION = 5.0;
				TARGETED_DEVICE_FAMILY = "1,2";
				TEST_HOST = "$(BUILT_PRODUCTS_DIR)/Expense.app/$(BUNDLE_EXECUTABLE_FOLDER_PATH)/Expense";
			};
			name = Release;
		};
		A15078D82ABEF37F00ACACD2 /* Debug */ = {
			isa = XCBuildConfiguration;
			buildSettings = {
				ALWAYS_EMBED_SWIFT_STANDARD_LIBRARIES = YES;
				CODE_SIGN_STYLE = Automatic;
				CURRENT_PROJECT_VERSION = 1;
				DEVELOPMENT_TEAM = 33QBB4DCGG;
				GENERATE_INFOPLIST_FILE = YES;
				MARKETING_VERSION = 1.0;
				PRODUCT_BUNDLE_IDENTIFIER = isuru.ExpenseUITests;
				PRODUCT_NAME = "$(TARGET_NAME)";
				SWIFT_EMIT_LOC_STRINGS = NO;
				SWIFT_VERSION = 5.0;
				TARGETED_DEVICE_FAMILY = "1,2";
				TEST_TARGET_NAME = Expense;
			};
			name = Debug;
		};
		A15078D92ABEF37F00ACACD2 /* Release */ = {
			isa = XCBuildConfiguration;
			buildSettings = {
				ALWAYS_EMBED_SWIFT_STANDARD_LIBRARIES = YES;
				CODE_SIGN_STYLE = Automatic;
				CURRENT_PROJECT_VERSION = 1;
				DEVELOPMENT_TEAM = 33QBB4DCGG;
				GENERATE_INFOPLIST_FILE = YES;
				MARKETING_VERSION = 1.0;
				PRODUCT_BUNDLE_IDENTIFIER = isuru.ExpenseUITests;
				PRODUCT_NAME = "$(TARGET_NAME)";
				SWIFT_EMIT_LOC_STRINGS = NO;
				SWIFT_VERSION = 5.0;
				TARGETED_DEVICE_FAMILY = "1,2";
				TEST_TARGET_NAME = Expense;
			};
			name = Release;
		};
/* End XCBuildConfiguration section */

/* Begin XCConfigurationList section */
		A15078A82ABEF37D00ACACD2 /* Build configuration list for PBXProject "Expense" */ = {
			isa = XCConfigurationList;
			buildConfigurations = (
				A15078CF2ABEF37F00ACACD2 /* Debug */,
				A15078D02ABEF37F00ACACD2 /* Release */,
			);
			defaultConfigurationIsVisible = 0;
			defaultConfigurationName = Release;
		};
		A15078D12ABEF37F00ACACD2 /* Build configuration list for PBXNativeTarget "Expense" */ = {
			isa = XCConfigurationList;
			buildConfigurations = (
				A15078D22ABEF37F00ACACD2 /* Debug */,
				A15078D32ABEF37F00ACACD2 /* Release */,
			);
			defaultConfigurationIsVisible = 0;
			defaultConfigurationName = Release;
		};
		A15078D42ABEF37F00ACACD2 /* Build configuration list for PBXNativeTarget "ExpenseTests" */ = {
			isa = XCConfigurationList;
			buildConfigurations = (
				A15078D52ABEF37F00ACACD2 /* Debug */,
				A15078D62ABEF37F00ACACD2 /* Release */,
			);
			defaultConfigurationIsVisible = 0;
			defaultConfigurationName = Release;
		};
		A15078D72ABEF37F00ACACD2 /* Build configuration list for PBXNativeTarget "ExpenseUITests" */ = {
			isa = XCConfigurationList;
			buildConfigurations = (
				A15078D82ABEF37F00ACACD2 /* Debug */,
				A15078D92ABEF37F00ACACD2 /* Release */,
			);
			defaultConfigurationIsVisible = 0;
			defaultConfigurationName = Release;
		};
/* End XCConfigurationList section */
	};
	rootObject = A15078A52ABEF37D00ACACD2 /* Project object */;
}
